github.com/beorn7/perks v1.0.1 h1:VlbKKnNfV8bJzeqoa4cOKqO6bYr3WgKZxO8Z16+hsOM=
github.com/beorn7/perks v1.0.1/go.mod h1:G2ZrVWU2WbWT9wwq4/hrbKbnv/1ERSJQ0ibhJ6rlkpw=
github.com/cespare/xxhash/v2 v2.2.0 h1:DC2CZ1Ep5Y4k3ZQ899DldepgrayRUGE6BBZ/cd9Cj44=
github.com/cespare/xxhash/v2 v2.2.0/go.mod h1:VGX0DQ3Q6kWi7AoAeZDth3/j3BFtOZR5XLFGgcrjCOs=
github.com/davecgh/go-spew v1.1.1 h1:vj9j/u1bqnvCEfJOwUhtlOARqs3+rkHYY13jYWTU97c=
github.com/dustin/go-humanize v1.0.1 h1:GzkhY7T5VNhEkwH0PVJgjz+fX1rhBrR7pRT3mDkpeCY=
github.com/dustin/go-humanize v1.0.1/go.mod h1:Mu1zIs6XwVuF/gI1OepvI0qD18qycQx+mFykh5fBlto=
github.com/golang/protobuf v1.2.0/go.mod h1:6lQm79b+lXiMfvg/cZm0SGofjICqVBUtrP5yJMmIC1U=
github.com/golang/protobuf v1.3.5/go.mod h1:6O5/vntMXwX2lRkT1hjjk0nAC1IDOTvTlVgjlRvqsdk=
github.com/golang/protobuf v1.5.0/go.mod h1:FsONVRAS9T7sI+LIUmWTfcYkHO4aIWwzhcaSAoJOfIk=
github.com/golang/protobuf v1.5.2 h1:ROPKBNFfQgOUMifHyP+KYbvpjbdoFNs+aK7DXlji0Tw=
github.com/golang/protobuf v1.5.2/go.mod h1:XVQd3VNwM+JqD3oG2Ue2ip4fOMUkwXdXDdiuN0vRsmY=
github.com/google/go-cmp v0.5.5/go.mod h1:v8dTdLbMG2kIc/vJvl+f65V22dbkXbowE6jgT/gNBxE=
github.com/google/go-cmp v0.5.9 h1:O2Tfq5qg4qc4AmwVlvv0oLiVAGB7enBSJ2x2DqQFi38=
github.com/goproxy/goproxy v0.13.0 h1:bpEXwI04lKpn/rxIbNWd6SA1fuDVKPCSWcuMbxX1lTU=
github.com/goproxy/goproxy v0.13.0/go.mod h1:NY5JQtVDSCZNJUijc1ep5SqoUs55hGzuqe8WLnbPCSw=
github.com/lib/pq v1.10.7 h1:p7ZhMD+KsSRozJr34udlUrhboJwWAgCg34+/ZZNvZZw=
github.com/lib/pq v1.10.7/go.mod h1:AlVN5x4E4T544tWzH6hKfbfQvm3HdbOxrmggDNAPY9o=
github.com/matttproud/golang_protobuf_extensions v1.0.4 h1:mmDVorXM7PCGKw94cs5zkfA9PSy5pEvNWRP0ET0TIVo=
github.com/matttproud/golang_protobuf_extensions v1.0.4/go.mod h1:BSXmuO+STAnVfrANrmjBb36TMTDstsz7MSK+HVaYKv4=
github.com/prometheus/client_golang v1.14.0 h1:nJdhIvne2eSX/XRAFV9PcvFFRbrjbcTUj0VP62TMhnw=
github.com/prometheus/client_golang v1.14.0/go.mod h1:8vpkKitgIVNcqrRBWh1C4TIUQgYNtG/XQE4E/Zae36Y=
github.com/prometheus/client_model v0.3.0 h1:UBgGFHqYdG/TPFD1B1ogZywDqEkwp3fBMvqdiQ7Xew4=
github.com/prometheus/client_model v0.3.0/go.mod h1:LDGWKZIo7rky3hgvBe+caln+Dr3dPggB5dvjtD7w9+w=
github.com/prometheus/common v0.39.0 h1:oOyhkDq05hPZKItWVBkJ6g6AtGxi+fy7F4JvUV8uhsI=
github.com/prometheus/common v0.39.0/go.mod h1:6XBZ7lYdLCbkAVhwRsWTZn+IN5AB9F/NXd5w0BbEX0Y=
github.com/prometheus/procfs v0.9.0 h1:wzCHvIvM5SxWqYvwgVL7yJY8Lz3PKn49KQtpgMYJfhI=
github.com/prometheus/procfs v0.9.0/go.mod h1:+pB4zwohETzFnmlpe6yd2lSc+0/46IYZRB/chUwxUZY=
github.com/yuin/goldmark v1.4.13/go.mod h1:6yULJ656Px+3vBD8DxQVa3kxgyrAnzto9xy5taEt/CY=
golang.conradwood.net/apis/artefact v1.1.2142 h1:JsQnZUuKqAySOsMrmAVyZG5zxye47Joiufi0TOxLSkY=
golang.conradwood.net/apis/artefact v1.1.2142/go.mod h1:Zemu1/f8Wd5J0QRPfLn58Cl4wTffvN+oo4J4/0g+7X8=
golang.conradwood.net/apis/auth v1.1.2142 h1:xS4+x7g2myWuNp8pneMz7hIZegnk8qLBS4AJSs1uzY0=
golang.conradwood.net/apis/auth v1.1.2142/go.mod h1:W5XONZsJTO0YIbx7l75GbqC2tvLBtVlev+HKQIWMaxw=
golang.conradwood.net/apis/autodeployer v1.1.2142 h1:8gpl/NrINJZSmVdGBr+pNI2A6xl/9abVc6U7TVV8rOI=
golang.conradwood.net/apis/autodeployer v1.1.2142/go.mod h1:GTHNr423BmLdsTLqxiXmwHqZq2w3TGSxG6AKbo2IyFA=
golang.conradwood.net/apis/common v1.1.2142 h1:+6LcoljI6MJYXJzIgfllBc3wL9R2WLokc83DcqP0cKI=
golang.conradwood.net/apis/common v1.1.2142/go.mod h1:1jXV+X1kjcR9P9JL/ANCzFvbLzcdhGZaxJ7SPH5lbiw=
golang.conradwood.net/apis/deploymonkey v1.1.2142 h1:ODat8NNDO2Cg4X60g/SXUpmDV/PQv1FgIDlQbxTe9bE=
golang.conradwood.net/apis/deploymonkey v1.1.2142/go.mod h1:Ssf/kiYfO9OU69Y5DBn5bmUH7TI071nRQfsBDCGWMEw=
golang.conradwood.net/apis/echoservice v1.1.2142 h1:9KgVnmJP8i3ed7qcVOfswuUqAwizEqnPxWVN8oOqVXY=
golang.conradwood.net/apis/echoservice v1.1.2142/go.mod h1:XHpht6FOutCF9t8lUYsJ79OqATCGBCi5tmIioA2f7tM=
golang.conradwood.net/apis/errorlogger v1.1.2142 h1:GoPOXUjIZ3nha0w/mHcXBcNtv2qmik6OvSlLjX3ATsA=
golang.conradwood.net/apis/errorlogger v1.1.2142/go.mod h1:9QxMpwZJkPlRY83a1UFEA7IMwyDAguwP7gHEOL25zwA=
golang.conradwood.net/apis/framework v1.1.2142 h1:yWD9eK8vXsl17dcKF3eL0fisyzhBlymZBDiGiZYSFso=
golang.conradwood.net/apis/framework v1.1.2142/go.mod h1:KBCWKGTgOCGRaCx9jhrszKODUCMROKQbpEYHPWvDC0E=
golang.conradwood.net/apis/gitserver v1.1.2142 h1:uZT0CTiq+vQTDROtwCaShiWUto7ihzDtd40SxNpA9H8=
golang.conradwood.net/apis/gitserver v1.1.2142/go.mod h1:Wb5WayqEgit52Aj9BI/TBDxJ7jZjsgPFrrAlY654Y0k=
golang.conradwood.net/apis/goeasyops v1.1.2142 h1:C5qxdLX5kD7EcXZEfG9hLYdQq14cbVHsynKdBfGpBmk=
golang.conradwood.net/apis/goeasyops v1.1.2142/go.mod h1:XV623xEk0BHHT0vTyFGhbLSpcyZRV/yuwjBhJ+58hZQ=
golang.conradwood.net/apis/gomodule v1.1.2142 h1:A2VEbvtPyXsCY1lupbltieWU0f8fCu6A88W25+9sPA4=
golang.conradwood.net/apis/gomodule v1.1.2142/go.mod h1:A9ssQOjw63iPbYuhIVxUtM3Yy1nO95DExhKwAkRt2Xo=
golang.conradwood.net/apis/h2gproxy v1.1.2142 h1:d90WeLlps6On9O93bzPqj2V6TWp0CWo6RMGLj8nsdzY=
golang.conradwood.net/apis/h2gproxy v1.1.2142/go.mod h1:CGeNrszLQ3PN2nmhroUQJjeyHSQ6Mv4+Ic1KjFmI5gc=
golang.conradwood.net/apis/objectstore v1.1.2142 h1:0/4eD8zBt8XzMjx1vBT8LPPaZtpwfjjvEBRRRF56cUM=
golang.conradwood.net/apis/objectstore v1.1.2142/go.mod h1:xnl3CEBm0iM9X07yxPIeHum+ub3JI2DG7aOpfmaFt+s=
golang.conradwood.net/apis/protorenderer v1.1.2142 h1:4MQrpzA2UTdPDC1BPaGBfjldlphldyvf2BtxZhLBoYs=
golang.conradwood.net/apis/protorenderer v1.1.2142/go.mod h1:bpMBk6qa6KtiIf29uGseIltjbSkZyToXebwf2PgBxZY=
golang.conradwood.net/apis/registry v1.1.2142 h1:lgijYJLXFE8JymxfxAy4wm3Mk6N9FaNfBPsIvGtk4Gs=
golang.conradwood.net/apis/registry v1.1.2142/go.mod h1:U3138r3sL8l8ibGWQ6fZ9WqV2zyHtRuB1wt6Wr9Udso=
golang.conradwood.net/apis/rpcinterceptor v1.1.2142 h1:ulBgoX6Lkg57EIhazdrPZzzuVkg6Ud4aNClrGolb3G8=
golang.conradwood.net/apis/rpcinterceptor v1.1.2142/go.mod h1:yEOxjjUPfaE+8D/RYdzYUsORhlfQ7pYyjgmRqOQ+7ro=
golang.conradwood.net/go-easyops v0.1.16013 h1:uSVKoTNLLSvzmwoW2sj2VHpo8JXhEP31CZSfm1O+bZ8=
golang.conradwood.net/go-easyops v0.1.16013/go.mod h1:ktYKHhBLaWt06KAXfT3hxYUPIAxSkv8ve8XR6SfNpz8=
golang.org/x/crypto v0.0.0-20190308221718-c2843e01d9a2/go.mod h1:djNgcEr1/C05ACkg1iLfiJU5Ep61QUkGW8qpdssI0+w=
golang.org/x/crypto v0.0.0-20210921155107-089bfa567519/go.mod h1:GvvjBRRGRdwPK5ydBHafDWAxML/pGHZbMvKqRZ5+Abc=
golang.org/x/mod v0.6.0-dev.0.20220419223038-86c51ed26bb4/go.mod h1:jJ57K6gSWd91VN4djpZkiMVwK6gcyfeH4XE8wZrZaV4=
golang.org/x/mod v0.7.0 h1:LapD9S96VoQRhi/GrNTqeBJFrUjs5UHCAtTlgwA5oZA=
golang.org/x/mod v0.7.0/go.mod h1:iBbtSCu2XBx23ZKBPSOrRkjjQPZFPuis4dIYUhu/chs=
golang.org/x/net v0.0.0-20190620200207-3b0461eec859/go.mod h1:z5CRVTTTmAJ677TzLLGU+0bjPO0LkuOLi4/5GtJWs/s=
golang.org/x/net v0.0.0-20210226172049-e18ecbb05110/go.mod h1:m0MpNAwzfU5UDzcl9v0D8zg8gWTRqZa9RBIspLL5mdg=
golang.org/x/net v0.0.0-20220722155237-a158d28d115b/go.mod h1:XRhObCWvk6IyKnWLug+ECip1KBveYUHfp+8e9klMJ9c=
golang.org/x/net v0.5.0 h1:GyT4nK/YDHSqa1c4753ouYCDajOYKTja9Xb/OHtgvSw=
golang.org/x/net v0.5.0/go.mod h1:DivGGAXEgPSlEBzxGzZI+ZLohi+xUj054jfeKui00ws=
golang.org/x/sync v0.0.0-20181221193216-37e7f081c4d4/go.mod h1:RxMgew5VJxzue5/jJTE5uejpjVlOe/izrB70Jof72aM=
golang.org/x/sync v0.0.0-20190423024810-112230192c58/go.mod h1:RxMgew5VJxzue5/jJTE5uejpjVlOe/izrB70Jof72aM=
golang.org/x/sync v0.0.0-20220722155255-886fb9371eb4/go.mod h1:RxMgew5VJxzue5/jJTE5uejpjVlOe/izrB70Jof72aM=
golang.org/x/sys v0.0.0-20190215142949-d0b11bdaac8a/go.mod h1:STP8DvDyc/dI5b8T5hshtkjS+E42TnysNCUPdjciGhY=
golang.org/x/sys v0.0.0-20201119102817-f84b799fce68/go.mod h1:h1NjWce9XRLGQEsW7wpKNCjG9DtNlClVuFLEZdDNbEs=
golang.org/x/sys v0.0.0-20210615035016-665e8c7367d1/go.mod h1:oPkhp1MJrh7nUepCBck5+mAzfO9JrbApNNgaTdGDITg=
golang.org/x/sys v0.0.0-20220520151302-bc2c85ada10a/go.mod h1:oPkhp1MJrh7nUepCBck5+mAzfO9JrbApNNgaTdGDITg=
golang.org/x/sys v0.0.0-20220722155257-8c9f86f7a55f/go.mod h1:oPkhp1MJrh7nUepCBck5+mAzfO9JrbApNNgaTdGDITg=
golang.org/x/sys v0.4.0 h1:Zr2JFtRQNX3BCZ8YtxRE9hNJYC8J6I1MVbMg6owUp18=
golang.org/x/sys v0.4.0/go.mod h1:oPkhp1MJrh7nUepCBck5+mAzfO9JrbApNNgaTdGDITg=
golang.org/x/term v0.0.0-20201126162022-7de9c90e9dd1/go.mod h1:bj7SfCRtBDWHUb9snDiAeCFNEtKQo2Wmx5Cou7ajbmo=
golang.org/x/term v0.0.0-20210927222741-03fcf44c2211/go.mod h1:jbD1KX2456YbFQfuXm/mYQcufACuNUgVhRMnK/tPxf8=
golang.org/x/text v0.3.0/go.mod h1:NqM8EUOU14njkJ3fqMW+pc6Ldnwhi/IjpwHt7yyuwOQ=
golang.org/x/text v0.3.3/go.mod h1:5Zoc/QRtKVWzQhOtBMvqHzDpF6irO9z98xDceosuGiQ=
golang.org/x/text v0.3.7/go.mod h1:u+2+/6zg+i71rQMx5EYifcz6MCKuco9NR6JIITiCfzQ=
golang.org/x/text v0.6.0 h1:3XmdazWV+ubf7QgHSTWeykHOci5oeekaGJBLkrkaw4k=
golang.org/x/text v0.6.0/go.mod h1:mrYo+phRRbMaCq/xk9113O4dZlRixOauAjOtrjsXDZ8=
golang.org/x/tools v0.0.0-20180917221912-90fa682c2a6e/go.mod h1:n7NCudcB/nEzxVGmLbDWY5pfWTLqBcC2KZ6jyYvM4mQ=
golang.org/x/tools v0.0.0-20191119224855-298f0cb1881e/go.mod h1:b+2E5dAYhXwXZwtnZ6UAqBI28+e2cm9otk0dWdXHAEo=
golang.org/x/tools v0.1.12 h1:VveCTK38A2rkS8ZqFY25HIDFscX5X9OoEhJd3quQmXU=
golang.org/x/tools v0.1.12/go.mod h1:hNGJHUnrk76NpqgfD5Aqm5Crs+Hm0VOH/i9J2+nxYbc=
golang.org/x/xerrors v0.0.0-20190717185122-a985d3407aa7/go.mod h1:I/5z698sn9Ka8TeJc9MKroUUfqBBauWjQqLJ2OPfmY0=
golang.org/x/xerrors v0.0.0-20191204190536-9bdfabe68543/go.mod h1:I/5z698sn9Ka8TeJc9MKroUUfqBBauWjQqLJ2OPfmY0=
golang.yacloud.eu/apis/urlcacher v1.1.2142 h1:mw4C0j18i6s+P55gowLiYczKiPD+P7fKJhx3/9DZHUk=
golang.yacloud.eu/apis/urlcacher v1.1.2142/go.mod h1:zj7cpRy6R1bEldQGfw2cfFtkWBOJNfdYOD4WfW6ncCw=
google.golang.org/genproto v0.0.0-20221118155620-16455021b5e6 h1:a2S6M0+660BgMNl++4JPlcAO/CjkqYItDEZwkoDQK7c=
google.golang.org/genproto v0.0.0-20221118155620-16455021b5e6/go.mod h1:rZS5c/ZVYMaOGBfO68GWtjOw/eLaZM1X6iVtgjZ+EWg=
google.golang.org/grpc v1.52.0 h1:kd48UiU7EHsV4rnLyOJRuP/Il/UHE7gdDAQ+SZI7nZk=
google.golang.org/grpc v1.52.0/go.mod h1:pu6fVzoFb+NBYNAvQL08ic+lvB2IojljRYuun5vorUY=
google.golang.org/protobuf v1.26.0-rc.1/go.mod h1:jlhhOSvTdKEhbULTjvd4ARK9grFBp09yW+WbY/TyQbw=
google.golang.org/protobuf v1.26.0/go.mod h1:9q0QmTI4eRPtz6boOQmLYwt+qCgq0jsYwAQnmE0givc=
google.golang.org/protobuf v1.28.1 h1:d0NfwRgPtno5B1Wa6L2DAG+KivqkdutMf1UhdNx175w=
google.golang.org/protobuf v1.28.1/go.mod h1:HV8QOd/L58Z+nl8r43ehVNZIU/HEI6OcFqwMG9pJV4I=
