github.com/beorn7/perks v1.0.1 h1:VlbKKnNfV8bJzeqoa4cOKqO6bYr3WgKZxO8Z16+hsOM=
github.com/beorn7/perks v1.0.1/go.mod h1:G2ZrVWU2WbWT9wwq4/hrbKbnv/1ERSJQ0ibhJ6rlkpw=
github.com/cespare/xxhash/v2 v2.3.0 h1:UL815xU9SqsFlibzuggzjXhog7bL6oX9BbNZnL2UFvs=
github.com/cespare/xxhash/v2 v2.3.0/go.mod h1:VGX0DQ3Q6kWi7AoAeZDth3/j3BFtOZR5XLFGgcrjCOs=
github.com/davecgh/go-spew v1.1.1 h1:vj9j/u1bqnvCEfJOwUhtlOARqs3+rkHYY13jYWTU97c=
github.com/davecgh/go-spew v1.1.1/go.mod h1:J7Y8YcW2NihsgmVo/mv3lAwl/skON4iLHjSsI+c5H38=
github.com/dustin/go-humanize v1.0.1 h1:GzkhY7T5VNhEkwH0PVJgjz+fX1rhBrR7pRT3mDkpeCY=
github.com/dustin/go-humanize v1.0.1/go.mod h1:Mu1zIs6XwVuF/gI1OepvI0qD18qycQx+mFykh5fBlto=
github.com/golang/protobuf v1.5.4 h1:i7eJL8qZTpSEXOPTxNKhASYpMn+8e5Q6AdndVa1dWek=
github.com/golang/protobuf v1.5.4/go.mod h1:lnTiLA8Wa4RWRcIUkrtSVa5nRhsEGBg48fD6rSs7xps=
github.com/google/go-cmp v0.6.0 h1:ofyhxvXcZhMsU5ulbFiLKl/XBFqE1GSq7atu8tAmTRI=
github.com/google/go-cmp v0.6.0/go.mod h1:17dUlkBOakJ0+DkrSSNjCkIjxS6bF9zb3elmeNGIjoY=
github.com/goproxy/goproxy v0.17.2 h1:6Kzz8V6RyeITfiHY5oGw9tPEOMIamTOzJWoWPi0/Hbs=
github.com/goproxy/goproxy v0.17.2/go.mod h1:IxJ9/TarFFk0NBAWdkwvYqxb6zbk+JdA17nfBIHtblI=
github.com/grafana/pyroscope-go v1.2.0 h1:aILLKjTj8CS8f/24OPMGPewQSYlhmdQMBmol1d3KGj8=
github.com/grafana/pyroscope-go v1.2.0/go.mod h1:2GHr28Nr05bg2pElS+dDsc98f3JTUh2f6Fz1hWXrqwk=
github.com/grafana/pyroscope-go/godeltaprof v0.1.8 h1:iwOtYXeeVSAeYefJNaxDytgjKtUuKQbJqgAIjlnicKg=
github.com/grafana/pyroscope-go/godeltaprof v0.1.8/go.mod h1:2+l7K7twW49Ct4wFluZD3tZ6e0SjanjcUUBPVD/UuGU=
github.com/klauspost/compress v1.17.10 h1:oXAz+Vh0PMUvJczoi+flxpnBEPxoER1IaAnU/NMPtT0=
github.com/klauspost/compress v1.17.10/go.mod h1:pMDklpSncoRMuLFrf1W9Ss9KT+0rH90U12bZKk7uwG0=
github.com/kr/pretty v0.3.1 h1:flRD4NNwYAUpkphVc1HcthR4KEIFJ65n8Mw5qdRn3LE=
github.com/kr/pretty v0.3.1/go.mod h1:hoEshYVHaxMs3cyo3Yncou5ZscifuDolrwPKZanG3xk=
github.com/kr/text v0.2.0 h1:5Nx0Ya0ZqY2ygV366QzturHI13Jq95ApcVaJBhpS+AY=
github.com/kr/text v0.2.0/go.mod h1:eLer722TekiGuMkidMxC/pM04lWEeraHUUmBw8l2grE=
github.com/kylelemons/godebug v1.1.0 h1:RPNrshWIDI6G2gRW9EHilWtl7Z6Sb1BR0xunSBf0SNc=
github.com/kylelemons/godebug v1.1.0/go.mod h1:9/0rRGxNHcop5bhtWyNeEfOS8JIWk580+fNqagV/RAw=
github.com/lib/pq v1.10.9 h1:YXG7RB+JIjhP29X+OtkiDnYaXQwpS4JEWq7dtCCRUEw=
github.com/lib/pq v1.10.9/go.mod h1:AlVN5x4E4T544tWzH6hKfbfQvm3HdbOxrmggDNAPY9o=
github.com/munnerz/goautoneg v0.0.0-20191010083416-a7dc8b61c822 h1:C3w9PqII01/Oq1c1nUAm88MOHcQC9l5mIlSMApZMrHA=
github.com/munnerz/goautoneg v0.0.0-20191010083416-a7dc8b61c822/go.mod h1:+n7T8mK8HuQTcFwEeznm/DIxMOiR9yIdICNftLE1DvQ=
github.com/pmezard/go-difflib v1.0.0 h1:4DBwDE0NGyQoBHbLQYPwSUPoCMWR5BEzIk/f1lZbAQM=
github.com/pmezard/go-difflib v1.0.0/go.mod h1:iKH77koFhYxTK1pcRnkKkqfTogsbg7gZNVY4sRDYZ/4=
github.com/prometheus/client_golang v1.20.3 h1:oPksm4K8B+Vt35tUhw6GbSNSgVlVSBH0qELP/7u83l4=
github.com/prometheus/client_golang v1.20.3/go.mod h1:PIEt8X02hGcP8JWbeHyeZ53Y/jReSnHgO035n//V5WE=
github.com/prometheus/client_model v0.6.1 h1:ZKSh/rekM+n3CeS952MLRAdFwIKqeY8b62p8ais2e9E=
github.com/prometheus/client_model v0.6.1/go.mod h1:OrxVMOVHjw3lKMa8+x6HeMGkHMQyHDk9E3jmP2AmGiY=
github.com/prometheus/common v0.59.1 h1:LXb1quJHWm1P6wq/U824uxYi4Sg0oGvNeUm1z5dJoX0=
github.com/prometheus/common v0.59.1/go.mod h1:GpWM7dewqmVYcd7SmRaiWVe9SSqjf0UrwnYnpEZNuT0=
github.com/prometheus/procfs v0.15.1 h1:YagwOFzUgYfKKHX6Dr+sHT7km/hxC76UB0learggepc=
github.com/prometheus/procfs v0.15.1/go.mod h1:fB45yRUv8NstnjriLhBQLuOUt+WW4BsoGhij/e3PBqk=
github.com/rogpeppe/go-internal v1.10.0 h1:TMyTOH3F/DB16zRVcYyreMH6GnZZrwQVAoYjRBZyWFQ=
github.com/rogpeppe/go-internal v1.10.0/go.mod h1:UQnix2H7Ngw/k4C5ijL5+65zddjncjaFoBhdsK/akog=
github.com/stretchr/objx v0.5.2 h1:xuMeJ0Sdp5ZMRXx/aWO6RZxdr3beISkG5/G/aIRr3pY=
github.com/stretchr/objx v0.5.2/go.mod h1:FRsXN1f5AsAjCGJKqEizvkpNtU+EGNCLh3NxZ/8L+MA=
github.com/stretchr/testify v1.9.0 h1:HtqpIVDClZ4nwg75+f6Lvsy/wHu+3BoSGCbBAcpTsTg=
github.com/stretchr/testify v1.9.0/go.mod h1:r2ic/lqez/lEtzL7wO/rwa5dbSLXVDPFyf8C91i36aY=
golang.conradwood.net/apis/artefact v1.1.3070 h1:8OCnrSVlkqwni+YazL4ezTtHxgslDlRESsEbk3LGMn4=
golang.conradwood.net/apis/artefact v1.1.3070/go.mod h1:yV/Cw/qQp/TeaC7AyWNgpH9GIlCQVDpEjtCSoBsPOZQ=
golang.conradwood.net/apis/artefact v1.1.3306 h1:c5lBFvYWfx7+veDYBwT4rfaWE2kb7RC0DSgoqKcyJ2A=
golang.conradwood.net/apis/artefact v1.1.3306/go.mod h1:Of9OBXIRGON3sUtOmRw+E1agNjzQq2c1Z5Ly8EFCTNg=
golang.conradwood.net/apis/auth v1.1.3232 h1:SGfGsQfpV+p6/HUBBJkRyJHSMhYEgbExK/8wpwERrMY=
golang.conradwood.net/apis/auth v1.1.3232/go.mod h1:OO957Du5C4GqLAC4rw5QibNvrBNvz3bI9bml8VBphl0=
golang.conradwood.net/apis/auth v1.1.3306 h1:M2DhNRYNE8MCIZJazDonFAkIZqXFR1ql9EA9TCwhoxA=
golang.conradwood.net/apis/auth v1.1.3306/go.mod h1:laGcky1LfU1l7zbYBgnG6KOuA53efIPccr9tLA1hMaY=
golang.conradwood.net/apis/autodeployer v1.1.3229 h1:1PKboE5X7Oa3F7IZtH8ku2//+JicAi8aOVq65k1ZBLY=
golang.conradwood.net/apis/autodeployer v1.1.3229/go.mod h1:aIMwr3Ob6OBW7JF3Z5Nhakrw87fQrfTYkbCof3bvNio=
golang.conradwood.net/apis/autodeployer v1.1.3306 h1:HVFJGtVbZmnf4FHHejB3lZAVtzOghEKr/TWq4IzNwgM=
golang.conradwood.net/apis/autodeployer v1.1.3306/go.mod h1:8awBjveLnzDeLPHrroFWZuiKR6JBBqgOcL/Esg20Rfo=
golang.conradwood.net/apis/certmanager v1.1.3229 h1:Stocxmb5vP9GVfn3yoBRu33ETMC26SslcysPoXVc/nA=
golang.conradwood.net/apis/certmanager v1.1.3229/go.mod h1:ARbb0t57O6YG449/4uNUxZzq3ef670iNq1K1I2yzjS0=
golang.conradwood.net/apis/certmanager v1.1.3306 h1:TQYwwxSKKQzi5S0SXhBIrhw6gAT3r4cmxu5Lgkz/4LQ=
golang.conradwood.net/apis/certmanager v1.1.3306/go.mod h1:JFS1NigIe+IJ0Yvi1wQQfVyzw0EfUbxat/ZXe1UQQHM=
golang.conradwood.net/apis/common v1.1.3232 h1:GVjDrt7sB6ySnUTEiabFXVqo75LJMEqoBB6AOU+DB0c=
golang.conradwood.net/apis/common v1.1.3232/go.mod h1:OXq75gHxQxoA2mo/HIYE2uoxiksGHtw/jPX1CCfvDMQ=
golang.conradwood.net/apis/common v1.1.3306 h1:U8fv6IeDd02ozr0CYtR99IJVu9Zv479pltnVtB6XTEQ=
golang.conradwood.net/apis/common v1.1.3306/go.mod h1:gmHXS+ls4TadCaQwJa67/QwjjK5Xr+0oY4kNqYOf9G4=
golang.conradwood.net/apis/deploymonkey v1.1.3229 h1:5ThBanoTp1ShWKfgPM+iigs5tV+/oFoopZGE0Yajm/0=
golang.conradwood.net/apis/deploymonkey v1.1.3229/go.mod h1:1baLmA3FzMJwdNQsgz5+k5P7IkopGqgeANI2MTh7ggA=
golang.conradwood.net/apis/deploymonkey v1.1.3306 h1:pGmrCTqeecongOLKfK9vcUFl9H8fN9eoiSCrlzQ97Ps=
golang.conradwood.net/apis/deploymonkey v1.1.3306/go.mod h1:VU+5Nhj0B1WQNgbC6oQb0r4l2n3MV5GvGsUA1fNfzSk=
golang.conradwood.net/apis/echoservice v1.1.3229 h1:/hzmCHaUy8GKabvFhx95YRm2ey4KgCGXMdWOvuMdPzI=
golang.conradwood.net/apis/echoservice v1.1.3229/go.mod h1:7dnjmOPiK5NXpbaeTUvnXUoub+7NWbBj0/TPeevGggs=
golang.conradwood.net/apis/echoservice v1.1.3306 h1:pIWy66BLMS6DJ7p+atRvKpIqA+0K5jHWQvsj58blojE=
golang.conradwood.net/apis/echoservice v1.1.3306/go.mod h1:b1Txc5iF0eqSrKAGBVUSF8XJV6u+5orqbspZqowSJTs=
golang.conradwood.net/apis/errorlogger v1.1.3229 h1:uBHdVSyuHNiug2Y1NdLMzJKe2K61H6+JeDjlq2b5LCc=
golang.conradwood.net/apis/errorlogger v1.1.3229/go.mod h1:0YcEVdDQBPQOGF4RkS5yKrbWVXsw6TMf7S7Iu3ICEKc=
golang.conradwood.net/apis/errorlogger v1.1.3306 h1:t7CFdLY8WnB38S+W2Z8koJoHjGYpqvZ2qtZbsqF68OE=
golang.conradwood.net/apis/errorlogger v1.1.3306/go.mod h1:DTd7ZN+GcEfA/3GLa1GHTsfCYcM3jUW88PqyILuZny8=
golang.conradwood.net/apis/framework v1.1.3229 h1:gZQUhrXMeA3Wfzyy7Ui3OA6y4cLitVuM/gauxOCgx04=
golang.conradwood.net/apis/framework v1.1.3229/go.mod h1:KTEuA3S4LqRnv73EPFMh3DQh5bUIWAUabX9At2HsDB8=
golang.conradwood.net/apis/framework v1.1.3306 h1:x2K4/qgQ+r9LsxvfNREIXMGEMQ/Jo4mclPwIPuZ6OZs=
golang.conradwood.net/apis/framework v1.1.3306/go.mod h1:KZCDxg+AKugcl9MOaDWPnh3XxposGAh1NINqwiEV1Iw=
golang.conradwood.net/apis/gitserver v1.1.3070 h1:O9jSYLO2aJDvzf4ZIaX8liE3mqfjewdDrY9kfVT+OtY=
golang.conradwood.net/apis/gitserver v1.1.3070/go.mod h1:PpdmdeHtwHnnqf0IvO7+RIxD4dihPpWYtX7pUTWqafI=
golang.conradwood.net/apis/gitserver v1.1.3306 h1:+uj0m4b6VAccI5V9eVFYCrM13YDncp4Udd1v8KWbLgM=
golang.conradwood.net/apis/gitserver v1.1.3306/go.mod h1:uCMo4pMQeHQjhO6uj9ajXW6m594iI7oPdjHZibB5oOk=
golang.conradwood.net/apis/goeasyops v1.1.3232 h1:sO1nEdqt0aynZe30yH0wnCTINwJ+m/0CgvOYsAiqY3Y=
golang.conradwood.net/apis/goeasyops v1.1.3232/go.mod h1:Lv6dbe+r4oBZsdOgTm8FHgmeovHVJGWmlzCANKFGHR4=
golang.conradwood.net/apis/goeasyops v1.1.3306 h1:UvMOhtR+YkFFUfqi65tmJxIv16xtCE4J2jKNHcm/n14=
golang.conradwood.net/apis/goeasyops v1.1.3306/go.mod h1:Ib5LvCZgp/QMH7VSGSn7yeHHwXQNWKAaYFNvTSKPhDU=
golang.conradwood.net/apis/grafanadata v1.1.3229 h1:GKwaK6+rvAcjNyqA6z4AAyOuSgpCaLP8TGSddnhL+9A=
golang.conradwood.net/apis/grafanadata v1.1.3229/go.mod h1:r9SJFLlB6MsKBNb1Do0W+jX2D6P29If8/XI4S3Ov4rU=
golang.conradwood.net/apis/grafanadata v1.1.3306 h1:ooEL0wAglN6HWpVXToHV+H7ZhmlB5c2P7HvL9nInmo4=
golang.conradwood.net/apis/grafanadata v1.1.3306/go.mod h1:L3NydOEuSTz2UqSkDK9NM/3JQ7yCsv8H2ls89Z1om0s=
golang.conradwood.net/apis/h2gproxy v1.1.3229 h1:29dl6HaZV3MDGceF4x8UG8Y2BqtRSWbbhtH3Ieqh8UM=
golang.conradwood.net/apis/h2gproxy v1.1.3229/go.mod h1:GDMsPFb77nMhFEXYVuKXfSvjPoMqjqVhQn0fLMXUm+Y=
golang.conradwood.net/apis/h2gproxy v1.1.3306 h1:UH491SlMG+lBf60+nH/nht9br4KwTBdresjeeQmnbt4=
golang.conradwood.net/apis/h2gproxy v1.1.3306/go.mod h1:A/0DEE0PxBFk9MCXmFzVImp6H1AlCEhVs7x+v/+YjYk=
golang.conradwood.net/apis/objectstore v1.1.3229 h1:SV+djxzR61XZJHXEya3bs+CmIMUH+quzaMQtzTe+ys8=
golang.conradwood.net/apis/objectstore v1.1.3229/go.mod h1:h83GqcgIapYiFKaeuw19xI4Us8sepBmDMDgxuXn15tY=
golang.conradwood.net/apis/objectstore v1.1.3306 h1:JxV6nQ5orNAv41YM4oyox3rfdYQvOkOEJ2d+M0iQg8s=
golang.conradwood.net/apis/objectstore v1.1.3306/go.mod h1:mib8dRr2VZnw8j9nE5tG3J18dPaMOXQteD03lwqmdoA=
golang.conradwood.net/apis/protorenderer v1.1.3070 h1:fWj4wjGaKGG8u+URaRnFntc1ND11Ux0X32bY5MfSgls=
golang.conradwood.net/apis/protorenderer v1.1.3070/go.mod h1:ZOUJtCqtiSRGRJ4MT5Yuerk2F5TROYW5a3d05o49knU=
golang.conradwood.net/apis/protorenderer v1.1.3306 h1:pkZqtpZh3eSrEQlsgJ+ObolHJkngafE+4ZdyCkNbqtk=
golang.conradwood.net/apis/protorenderer v1.1.3306/go.mod h1:90TznV4qUXal2VB94iERszM2ALxJY3CBmaGPNPmtARk=
golang.conradwood.net/apis/registry v1.1.3229 h1:w0OQiGb6hu+kX0hYd6D4YyJtMwdm2RbGvsKW4bBHmTY=
golang.conradwood.net/apis/registry v1.1.3229/go.mod h1:3sA0Ec84ZpK1IsFSssBBOEAX5dO5BJmudH5fSN/8rfE=
golang.conradwood.net/apis/registry v1.1.3306 h1:6uM7W89wuVr1DzDRlvKOKI0LRngBbeezY5h7uIErrqA=
golang.conradwood.net/apis/registry v1.1.3306/go.mod h1:dNfzD7pTfE7KA2H5i0d5GtGth1Tf2ukpyxHgP8w3DWA=
golang.conradwood.net/go-easyops v0.1.30764 h1:oeZeFowD6jvx7Smq2YxGuEPcFKwfRLEw0CbL1abzfXw=
golang.conradwood.net/go-easyops v0.1.30764/go.mod h1:lvAUuCuhBjenslFQNqpUybMMUmxXIjYuKUHHofWeI6k=
golang.org/x/mod v0.20.0 h1:utOm6MM3R3dnawAiJgn0y+xvuYRsm1RKM/4giyfDgV0=
golang.org/x/mod v0.20.0/go.mod h1:hTbmBsO62+eylJbnUtE2MGJUyE7QWk4xUqPFrRgJ+7c=
golang.org/x/mod v0.21.0 h1:vvrHzRwRfVKSiLrG+d4FMl/Qi4ukBCE6kZlTUkDYRT0=
golang.org/x/mod v0.21.0/go.mod h1:6SkKJ3Xj0I0BrPOZoBy3bdMptDDU9oJrpohJ3eWZ1fY=
golang.org/x/net v0.29.0 h1:5ORfpBpCs4HzDYoodCDBbwHzdR5UrLBZ3sOnUJmFoHo=
golang.org/x/net v0.29.0/go.mod h1:gLkgy8jTGERgjzMic6DS9+SP0ajcu6Xu3Orq/SpETg0=
golang.org/x/sys v0.25.0 h1:r+8e+loiHxRqhXVl6ML1nO3l1+oFoWbnlu2Ehimmi34=
golang.org/x/sys v0.25.0/go.mod h1:/VUhepiaJMQUp4+oa/7Zr1D23ma6VTLIYjOOTFZPUcA=
golang.org/x/text v0.18.0 h1:XvMDiNzPAl0jr17s6W9lcaIhGUfUORdGCNsuLmPG224=
golang.org/x/text v0.18.0/go.mod h1:BuEKDfySbSR4drPmRPG/7iBdf8hvFMuRexcpahXilzY=
golang.org/x/tools v0.21.1-0.20240508182429-e35e4ccd0d2d h1:vU5i/LfpvrRCpgM/VPfJLg5KjxD3E+hfT1SH+d9zLwg=
golang.org/x/tools v0.21.1-0.20240508182429-e35e4ccd0d2d/go.mod h1:aiJjzUbINMkxbQROHiO6hDPo2LHcIPhhQsa9DLh0yGk=
golang.yacloud.eu/apis/autodeployer2 v1.1.3229 h1:hzGPs7rYTk8ZzBu2ve0emR7PxUUDDMiyDaN6IVpC+Bs=
golang.yacloud.eu/apis/autodeployer2 v1.1.3229/go.mod h1:B9eNHRhY9CShKiWgpVQfuMmShqVMFKfZSOA9iOdD3k0=
golang.yacloud.eu/apis/autodeployer2 v1.1.3306 h1:NB4eN63LVzMkHlLcXc6D37Bek8rmWq+CI0LZpYBTX2I=
golang.yacloud.eu/apis/autodeployer2 v1.1.3306/go.mod h1:13RN1xiu2JtZFPVFkOBhkJXGwpbu1pCH1KfySqyeYY4=
golang.yacloud.eu/apis/faultindicator v1.1.3229 h1:3MU279o42M+Tx4cemw+nedCgH5m7ZKYxTLjzWjpDnnQ=
golang.yacloud.eu/apis/faultindicator v1.1.3229/go.mod h1:tbpe/yZYpRDwKC5kuqEFl8EfQo9cz0EYRUBZ1skVP1Q=
golang.yacloud.eu/apis/faultindicator v1.1.3306 h1:KHaFVA1eGl36Usc0Cjr9eb1VlZagDJEZMkVI+LPEVFs=
golang.yacloud.eu/apis/faultindicator v1.1.3306/go.mod h1:BRcqcL8t+ZpsBBgrW2oRpRsk8eZ7gh1zSbVM0XmCLeY=
golang.yacloud.eu/apis/fscache v1.1.3196 h1:FyG01F5EIMb12Dt0k47npj/XUBX+6SZR5XoaEEq9SEU=
golang.yacloud.eu/apis/fscache v1.1.3196/go.mod h1:nomkq5gKwvip9qwr8HpcF6MVVXEjR5NfhLQGEYiISVk=
golang.yacloud.eu/apis/fscache v1.1.3306 h1:mXpJhfetXuTJrQmOdKjx96wCKPiah+iOGROnoM70/PI=
golang.yacloud.eu/apis/fscache v1.1.3306/go.mod h1:6CHhGFtmFJP7vw3pTJd7PbRzPaq5mkuLEAH/1nXnAOI=
golang.yacloud.eu/apis/protomanager v1.1.3070 h1:JlW8apeaVDVQPU+lTHNkCGOLaTkvCZv46jhojEfHKsc=
golang.yacloud.eu/apis/protomanager v1.1.3070/go.mod h1:tOKAuzrOMHqEl10wa5o7+a+/f7vqYKTcLJAalBmfwM8=
golang.yacloud.eu/apis/protomanager v1.1.3306 h1:AOi3YQNleG75wYgJ5hl8Q05enmKGUjVepX1of8sMevY=
golang.yacloud.eu/apis/protomanager v1.1.3306/go.mod h1:0SQdVZ1jrt9qHcjAMWDbg3FdFAOdHHLGAMVwkQy0g3Q=
golang.yacloud.eu/apis/protorenderer2 v1.1.3070 h1:J9OxZYuhLsPFPrLeczxDRYdrHz8b4uh1Yo9u8bzgsyU=
golang.yacloud.eu/apis/protorenderer2 v1.1.3070/go.mod h1:EzkDSiEz+2mXO8xoMzTt2JL047w1CW0Sf+3P9DEjX3M=
golang.yacloud.eu/apis/protorenderer2 v1.1.3306 h1:7ZhQpQ0Tb60UIblSfuPjwKYk9oAysvTxesmBnQ79OkM=
golang.yacloud.eu/apis/protorenderer2 v1.1.3306/go.mod h1:qv/edISbgzBXKl4zz+9vZbi7OUA85FA6Tyh2NJxLSbs=
golang.yacloud.eu/apis/session v1.1.3232 h1:t4aH/kvw7dEjrJu0ckPzgDzxXhoTGqb1WMJULdNG3Rc=
golang.yacloud.eu/apis/session v1.1.3232/go.mod h1:NlUFEBO7dV1jaRIJLQN5aK0bqNPXjBZR7hU84crI/W0=
golang.yacloud.eu/apis/session v1.1.3306 h1:cOH7mPrLglkvfjJ+K/V45GEJ0QV1WjV+4iqkbEUitxg=
golang.yacloud.eu/apis/session v1.1.3306/go.mod h1:5QD7BVZalncKxutpBqxD5SyO1g+okgxmnAbb9gEuYCY=
golang.yacloud.eu/apis/unixipc v1.1.3196 h1:l+JXnjxBpXQ3qfw+gSX9ht9Y5PSRjCmIHZ1M9N4+478=
golang.yacloud.eu/apis/unixipc v1.1.3196/go.mod h1:n5yUt/UIQ9qo/TrT0Z2LZIZNNJSzKtoM6gufrk6jnAQ=
golang.yacloud.eu/apis/unixipc v1.1.3306 h1:hRvHRta8mYJ/2MV0mOxKzYuWoEPbBsCcbW+tZb9slJM=
golang.yacloud.eu/apis/unixipc v1.1.3306/go.mod h1:veV+7VgDnDxH3vZe8XXHwhYoMK+ohna8AQqBWJSAvTE=
golang.yacloud.eu/apis/urlcacher v1.1.3229 h1:MR3OSmcqrc2lBsrLFjY5UslzBXQ+p2WYF0FeORoZEVk=
golang.yacloud.eu/apis/urlcacher v1.1.3229/go.mod h1:LqT/QXSDTWJ72PSddpo/BwtsqGVHPBMZpwbBh/ptWxk=
golang.yacloud.eu/apis/urlcacher v1.1.3306 h1:wTuzx9dr7aWtK/1HPzUeBvjDsgLWUgYB2UfidTOUxmo=
golang.yacloud.eu/apis/urlcacher v1.1.3306/go.mod h1:7SrL1k9bT3SrwWwiogoHM/WyDwC0Wey86/D282fEJ4k=
golang.yacloud.eu/unixipc v0.1.26852 h1:bKxdKQVBTcuzgPuUv0ZUHui44Ys3KY+gOBTQ5m5S60s=
golang.yacloud.eu/unixipc v0.1.26852/go.mod h1:BboKEBCyQzeXbtXowwSLV9U+wI32wq49ZVs72+uO/ZI=
google.golang.org/genproto/googleapis/rpc v0.0.0-20240604185151-ef581f913117 h1:1GBuWVLM/KMVUv1t1En5Gs+gFZCNd360GGb4sSxtrhU=
google.golang.org/genproto/googleapis/rpc v0.0.0-20240604185151-ef581f913117/go.mod h1:EfXuqaE1J41VCDicxHzUDm+8rk+7ZdXzHV0IhO/I6s0=
google.golang.org/grpc v1.66.0 h1:DibZuoBznOxbDQxRINckZcUvnCEvrW9pcWIE2yF9r1c=
google.golang.org/grpc v1.66.0/go.mod h1:s3/l6xSSCURdVfAnL+TqCNMyTDAGN6+lZeVxnZR128Y=
google.golang.org/protobuf v1.34.2 h1:6xV6lTsCfpGD21XK49h7MhtcApnLqkfYgPcdHftf6hg=
google.golang.org/protobuf v1.34.2/go.mod h1:qYOHts0dSfpeUzUFpOMr/WGzszTmLH+DiWniOlNbLDw=
gopkg.in/check.v1 v0.0.0-20161208181325-20d25e280405/go.mod h1:Co6ibVJAznAaIkqp8huTwlJQCZ016jof/cbN4VW5Yz0=
gopkg.in/check.v1 v1.0.0-20201130134442-10cb98267c6c h1:Hei/4ADfdWqJk1ZMxUNpqntNwaWcugrBjAiHlqqRiVk=
gopkg.in/check.v1 v1.0.0-20201130134442-10cb98267c6c/go.mod h1:JHkPIbrfpd72SG/EVd6muEfDQjcINNoR0C8j2r3qZ4Q=
gopkg.in/yaml.v2 v2.4.0 h1:D8xgwECY7CYvx+Y2n4sBz93Jn9JRvxdiyyo8CTfuKaY=
gopkg.in/yaml.v2 v2.4.0/go.mod h1:RDklbk79AGWmwhnvt/jBztapEOGDOx6ZbXqjP6csGnQ=
gopkg.in/yaml.v3 v3.0.1 h1:fxVm/GzAzEWqLHuvctI91KS9hhNmmWOoWu0XTYJS7CA=
gopkg.in/yaml.v3 v3.0.1/go.mod h1:K4uyk7z7BCEPqu6E+C64Yfv1cQ7kz7rIZviUmN+EgEM=
