github.com/beorn7/perks v1.0.1 h1:VlbKKnNfV8bJzeqoa4cOKqO6bYr3WgKZxO8Z16+hsOM=
github.com/beorn7/perks v1.0.1/go.mod h1:G2ZrVWU2WbWT9wwq4/hrbKbnv/1ERSJQ0ibhJ6rlkpw=
github.com/cespare/xxhash/v2 v2.3.0 h1:UL815xU9SqsFlibzuggzjXhog7bL6oX9BbNZnL2UFvs=
github.com/cespare/xxhash/v2 v2.3.0/go.mod h1:VGX0DQ3Q6kWi7AoAeZDth3/j3BFtOZR5XLFGgcrjCOs=
github.com/davecgh/go-spew v1.1.1 h1:vj9j/u1bqnvCEfJOwUhtlOARqs3+rkHYY13jYWTU97c=
github.com/davecgh/go-spew v1.1.1/go.mod h1:J7Y8YcW2NihsgmVo/mv3lAwl/skON4iLHjSsI+c5H38=
github.com/dustin/go-humanize v1.0.1 h1:GzkhY7T5VNhEkwH0PVJgjz+fX1rhBrR7pRT3mDkpeCY=
github.com/dustin/go-humanize v1.0.1/go.mod h1:Mu1zIs6XwVuF/gI1OepvI0qD18qycQx+mFykh5fBlto=
github.com/go-logr/logr v1.4.2 h1:6pFjapn8bFcIbiKo3XT4j/BhANplGihG6tvd+8rYgrY=
github.com/go-logr/logr v1.4.2/go.mod h1:9T104GzyrTigFIr8wt5mBrctHMim0Nb2HLGrmQ40KvY=
github.com/go-logr/stdr v1.2.2 h1:hSWxHoqTgW2S2qGc0LTAI563KZ5YKYRhT3MFKZMbjag=
github.com/go-logr/stdr v1.2.2/go.mod h1:mMo/vtBO5dYbehREoey6XUKy/eSumjCCveDpRre4VKE=
github.com/golang/protobuf v1.5.4 h1:i7eJL8qZTpSEXOPTxNKhASYpMn+8e5Q6AdndVa1dWek=
github.com/golang/protobuf v1.5.4/go.mod h1:lnTiLA8Wa4RWRcIUkrtSVa5nRhsEGBg48fD6rSs7xps=
github.com/google/go-cmp v0.7.0 h1:wk8382ETsv4JYUZwIsn6YpYiWiBsYLSJiTsyBybVuN8=
github.com/google/go-cmp v0.7.0/go.mod h1:pXiqmnSA92OHEEa9HXL2W4E7lf9JzCmGVUdgjX3N/iU=
github.com/google/uuid v1.6.0 h1:NIvaJDMOsjHA8n1jAhLSgzrAzy1Hgr+hNrb57e+94F0=
github.com/google/uuid v1.6.0/go.mod h1:TIyPZe4MgqvfeYDBFedMoGGpEw/LqOeaOT+nhxU+yHo=
github.com/goproxy/goproxy v0.20.0 h1:VT/DMoeghLoeO1LjZs4OYOvaIi+umjlGLFfGeCGQ+IM=
github.com/goproxy/goproxy v0.20.0/go.mod h1:SvTThDykuWXS3IOQzK4Ky9D7ZaU8PWVBUIawC6gtxp8=
github.com/grafana/pyroscope-go v1.2.0 h1:aILLKjTj8CS8f/24OPMGPewQSYlhmdQMBmol1d3KGj8=
github.com/grafana/pyroscope-go v1.2.0/go.mod h1:2GHr28Nr05bg2pElS+dDsc98f3JTUh2f6Fz1hWXrqwk=
github.com/grafana/pyroscope-go/godeltaprof v0.1.8 h1:iwOtYXeeVSAeYefJNaxDytgjKtUuKQbJqgAIjlnicKg=
github.com/grafana/pyroscope-go/godeltaprof v0.1.8/go.mod h1:2+l7K7twW49Ct4wFluZD3tZ6e0SjanjcUUBPVD/UuGU=
github.com/klauspost/compress v1.18.0 h1:c/Cqfb0r+Yi+JtIEq73FWXVkRonBlf0CRNYc8Zttxdo=
github.com/klauspost/compress v1.18.0/go.mod h1:2Pp+KzxcywXVXMr50+X0Q/Lsb43OQHYWRCY2AiWywWQ=
github.com/kr/pretty v0.3.1 h1:flRD4NNwYAUpkphVc1HcthR4KEIFJ65n8Mw5qdRn3LE=
github.com/kr/pretty v0.3.1/go.mod h1:hoEshYVHaxMs3cyo3Yncou5ZscifuDolrwPKZanG3xk=
github.com/kr/text v0.2.0 h1:5Nx0Ya0ZqY2ygV366QzturHI13Jq95ApcVaJBhpS+AY=
github.com/kr/text v0.2.0/go.mod h1:eLer722TekiGuMkidMxC/pM04lWEeraHUUmBw8l2grE=
github.com/kylelemons/godebug v1.1.0 h1:RPNrshWIDI6G2gRW9EHilWtl7Z6Sb1BR0xunSBf0SNc=
github.com/kylelemons/godebug v1.1.0/go.mod h1:9/0rRGxNHcop5bhtWyNeEfOS8JIWk580+fNqagV/RAw=
github.com/lib/pq v1.10.9 h1:YXG7RB+JIjhP29X+OtkiDnYaXQwpS4JEWq7dtCCRUEw=
github.com/lib/pq v1.10.9/go.mod h1:AlVN5x4E4T544tWzH6hKfbfQvm3HdbOxrmggDNAPY9o=
github.com/munnerz/goautoneg v0.0.0-20191010083416-a7dc8b61c822 h1:C3w9PqII01/Oq1c1nUAm88MOHcQC9l5mIlSMApZMrHA=
github.com/munnerz/goautoneg v0.0.0-20191010083416-a7dc8b61c822/go.mod h1:+n7T8mK8HuQTcFwEeznm/DIxMOiR9yIdICNftLE1DvQ=
github.com/pmezard/go-difflib v1.0.0 h1:4DBwDE0NGyQoBHbLQYPwSUPoCMWR5BEzIk/f1lZbAQM=
github.com/pmezard/go-difflib v1.0.0/go.mod h1:iKH77koFhYxTK1pcRnkKkqfTogsbg7gZNVY4sRDYZ/4=
github.com/prometheus/client_golang v1.21.1 h1:DOvXXTqVzvkIewV/CDPFdejpMCGeMcbGCQ8YOmu+Ibk=
github.com/prometheus/client_golang v1.21.1/go.mod h1:U9NM32ykUErtVBxdvD3zfi+EuFkkaBvMb09mIfe0Zgg=
github.com/prometheus/client_model v0.6.1 h1:ZKSh/rekM+n3CeS952MLRAdFwIKqeY8b62p8ais2e9E=
github.com/prometheus/client_model v0.6.1/go.mod h1:OrxVMOVHjw3lKMa8+x6HeMGkHMQyHDk9E3jmP2AmGiY=
github.com/prometheus/common v0.62.0 h1:xasJaQlnWAeyHdUBeGjXmutelfJHWMRr+Fg4QszZ2Io=
github.com/prometheus/common v0.62.0/go.mod h1:vyBcEuLSvWos9B1+CyL7JZ2up+uFzXhkqml0W5zIY1I=
github.com/prometheus/procfs v0.15.1 h1:YagwOFzUgYfKKHX6Dr+sHT7km/hxC76UB0learggepc=
github.com/prometheus/procfs v0.15.1/go.mod h1:fB45yRUv8NstnjriLhBQLuOUt+WW4BsoGhij/e3PBqk=
github.com/rogpeppe/go-internal v1.10.0 h1:TMyTOH3F/DB16zRVcYyreMH6GnZZrwQVAoYjRBZyWFQ=
github.com/rogpeppe/go-internal v1.10.0/go.mod h1:UQnix2H7Ngw/k4C5ijL5+65zddjncjaFoBhdsK/akog=
github.com/stretchr/objx v0.5.2 h1:xuMeJ0Sdp5ZMRXx/aWO6RZxdr3beISkG5/G/aIRr3pY=
github.com/stretchr/objx v0.5.2/go.mod h1:FRsXN1f5AsAjCGJKqEizvkpNtU+EGNCLh3NxZ/8L+MA=
github.com/stretchr/testify v1.10.0 h1:Xv5erBjTwe/5IxqUQTdXv5kgmIvbHo3QQyRwhJsOfJA=
github.com/stretchr/testify v1.10.0/go.mod h1:r2ic/lqez/lEtzL7wO/rwa5dbSLXVDPFyf8C91i36aY=
go.opentelemetry.io/auto/sdk v1.1.0 h1:cH53jehLUN6UFLY71z+NDOiNJqDdPRaXzTel0sJySYA=
go.opentelemetry.io/auto/sdk v1.1.0/go.mod h1:3wSPjt5PWp2RhlCcmmOial7AvC4DQqZb7a7wCow3W8A=
go.opentelemetry.io/otel v1.35.0 h1:xKWKPxrxB6OtMCbmMY021CqC45J+3Onta9MqjhnusiQ=
go.opentelemetry.io/otel v1.35.0/go.mod h1:UEqy8Zp11hpkUrL73gSlELM0DupHoiq72dR+Zqel/+Y=
go.opentelemetry.io/otel/metric v1.35.0 h1:0znxYu2SNyuMSQT4Y9WDWej0VpcsxkuklLa4/siN90M=
go.opentelemetry.io/otel/metric v1.35.0/go.mod h1:nKVFgxBZ2fReX6IlyW28MgZojkoAkJGaE8CpgeAU3oE=
go.opentelemetry.io/otel/sdk v1.35.0 h1:iPctf8iprVySXSKJffSS79eOjl9pvxV9ZqOWT0QejKY=
go.opentelemetry.io/otel/sdk v1.35.0/go.mod h1:+ga1bZliga3DxJ3CQGg3updiaAJoNECOgJREo9KHGQg=
go.opentelemetry.io/otel/sdk/metric v1.35.0 h1:1RriWBmCKgkeHEhM7a2uMjMUfP7MsOF5JpUCaEqEI9o=
go.opentelemetry.io/otel/sdk/metric v1.35.0/go.mod h1:is6XYCUMpcKi+ZsOvfluY5YstFnhW0BidkR+gL+qN+w=
go.opentelemetry.io/otel/trace v1.35.0 h1:dPpEfJu1sDIqruz7BHFG3c7528f6ddfSWfFDVt/xgMs=
go.opentelemetry.io/otel/trace v1.35.0/go.mod h1:WUk7DtFp1Aw2MkvqGdwiXYDZZNvA/1J8o6xRXLrIkyc=
golang.conradwood.net/apis/artefact v1.1.3785 h1:wEUeBQmOdN5CmT1zTr/KY5G2su6Z9RhwN0ZWbISZJrs=
golang.conradwood.net/apis/artefact v1.1.3785/go.mod h1:I/pmDov+8/3+n1sIRWlyjV4Rb2mUb6D+0qsJgUqGk2w=
golang.conradwood.net/apis/auth v1.1.3958 h1:kfTL+RVFNPc8RAX232yAJN+wphjzuudqrDL2KxTRwCM=
golang.conradwood.net/apis/auth v1.1.3958/go.mod h1:dM8vQSuxbux5FxU9fEd5Y/AfdMSrb9mud6+EZNJP74Q=
golang.conradwood.net/apis/autodeployer v1.1.3785 h1:BEcDk6E1kUqe3TuJlrkpVoND2yKjJwNanG9sa7lTRKk=
golang.conradwood.net/apis/autodeployer v1.1.3785/go.mod h1:oZVcbKj/P5jPzyirEUpjBwCH62j/46bQcqgIZ5ecnFA=
golang.conradwood.net/apis/certmanager v1.1.3785 h1:8gQEIeMPmtAf+Ut7QJmU958BSD0zRKzydGuduIzA37Q=
golang.conradwood.net/apis/certmanager v1.1.3785/go.mod h1:oZpYUhWqSO0YsmykK5x0UeiPmKThm1AtwcAvbRHN8A0=
golang.conradwood.net/apis/common v1.1.3958 h1:zx8UM7ZQSxyfvuwSkCx9HHvmi+CfjjbYWpqVE7e+358=
golang.conradwood.net/apis/common v1.1.3958/go.mod h1:1R8s9FS0eUqvLSasv8/rAc6MNHEvjd5TlULkov39KXU=
golang.conradwood.net/apis/deploymonkey v1.1.3785 h1:9iA6LX5UPq6zVfzN/uljY7C9PuPvaSITZLK1cWhTFH0=
golang.conradwood.net/apis/deploymonkey v1.1.3785/go.mod h1:8QQDdgUmcLVck2ffiShIevX9kSgIlNwccDomljIR7Kg=
golang.conradwood.net/apis/errorlogger v1.1.3785 h1:Ccy74ZV4S66sMknM4zbYtarczmeofyDanESEiiy4iO8=
golang.conradwood.net/apis/errorlogger v1.1.3785/go.mod h1:QJrfw64WHyNZd+F3e1LHlmjc0BZauehlcsyi1uxqWUQ=
golang.conradwood.net/apis/framework v1.1.3785 h1:dvfbIjltVWkpK7cQDJaQ0yhQESotRehjjQxeDRyjOkQ=
golang.conradwood.net/apis/framework v1.1.3785/go.mod h1:cDdEmTBCdzqMESW+fDCrHjILI6ESAKXSxwrx5op8wYI=
golang.conradwood.net/apis/getestservice v1.1.3785 h1:qjxxjtQgfhR7M99nUI/mOMgAWs3KwFeIyf3um85bwBs=
golang.conradwood.net/apis/getestservice v1.1.3785/go.mod h1:TQ1DDTwO6drzw9QT/XdqlBEx168mVZyOfkYcfc1MoyI=
golang.conradwood.net/apis/gitserver v1.1.3785 h1:JzZR8Ws5T1YHkJDqrfU5HqSaxAOVGr1aopMnjyYZdAE=
golang.conradwood.net/apis/gitserver v1.1.3785/go.mod h1:vQdA6s60WokubvI7XzVViXwh74LRCYMvsC9ZYHYRapE=
golang.conradwood.net/apis/goeasyops v1.1.3958 h1:+WuMVkCbM+UsqIehDwqhMS5/tL+zKdiesOvIvrbAabk=
golang.conradwood.net/apis/goeasyops v1.1.3958/go.mod h1:cATDfPD0aGnPtKXeDAqdl5CC3UWteavxI8xHmwtUHZ0=
golang.conradwood.net/apis/grafanadata v1.1.3785 h1:GUmCoK6bFwQZpieo4OyJSUyuXkB16nUzIr01Li6jCoQ=
golang.conradwood.net/apis/grafanadata v1.1.3785/go.mod h1:jMb5iedBFr91K16I+Cx/MOZvjDZVvk8cbcVZa+MfqVY=
golang.conradwood.net/apis/h2gproxy v1.1.3894 h1:0BxwdbN9o0HFyD5Qj/CvzPLonRaoovcgZ5pMsVQdohA=
golang.conradwood.net/apis/h2gproxy v1.1.3894/go.mod h1:F3d55FAQuwLJd7KEJr3yJcqi1F1XTro9Vu/8c+t3eFk=
golang.conradwood.net/apis/objectstore v1.1.3785 h1:b/J0uceNuy11BQj40OZh0US7xUT4uLBaz2Ob1rleYmM=
golang.conradwood.net/apis/objectstore v1.1.3785/go.mod h1:RFW/rWWxQh8orRnOlSOBJitItllicl0D+BPWNs2BxrM=
golang.conradwood.net/apis/registry v1.1.3785 h1:Cgq5JeKaotFxmAvhA3lExet/5XXXwfokiKCVcC2EUP0=
golang.conradwood.net/apis/registry v1.1.3785/go.mod h1:DaGxe5RZ6ZW1ySqA5MUrgRj2lH7hXFLJFmCfMzcRAKM=
golang.conradwood.net/go-easyops v0.1.36399 h1:q002Ms7hmdTVs4kz0dRGc2dZUUURBHvn9TPRu8YmKbI=
golang.conradwood.net/go-easyops v0.1.36399/go.mod h1:fx+PkAcbCXEh1+7UNxgJMwxeiyNTPo+p6qgXo0gKmXg=
golang.org/x/mod v0.25.0 h1:n7a+ZbQKQA/Ysbyb0/6IbB1H/X41mKgbhfv7AfG/44w=
golang.org/x/mod v0.25.0/go.mod h1:IXM97Txy2VM4PJ3gI61r1YEk/gAj6zAHN3AdZt6S9Ww=
golang.org/x/net v0.41.0 h1:vBTly1HeNPEn3wtREYfy4GZ/NECgw2Cnl+nK6Nz3uvw=
golang.org/x/net v0.41.0/go.mod h1:B/K4NNqkfmg07DQYrbwvSluqCJOOXwUjeb/5lOisjbA=
golang.org/x/sys v0.33.0 h1:q3i8TbbEz+JRD9ywIRlyRAQbM0qF7hu24q3teo2hbuw=
golang.org/x/sys v0.33.0/go.mod h1:BJP2sWEmIv4KK5OTEluFJCKSidICx8ciO85XgH3Ak8k=
golang.org/x/text v0.26.0 h1:P42AVeLghgTYr4+xUnTRKDMqpar+PtX7KWuNQL21L8M=
golang.org/x/text v0.26.0/go.mod h1:QK15LZJUUQVJxhz7wXgxSy/CJaTFjd0G+YLonydOVQA=
golang.org/x/tools v0.33.0 h1:4qz2S3zmRxbGIhDIAgjxvFutSvH5EfnsYrRBj0UI0bc=
golang.org/x/tools v0.33.0/go.mod h1:CIJMaWEY88juyUfo7UbgPqbC8rU2OqfAV1h2Qp0oMYI=
golang.yacloud.eu/apis/autodeployer2 v1.1.3785 h1:/0A/8PtCkW740NXGXOwzaCZZ5gM64qzVHcAzwenQKY8=
golang.yacloud.eu/apis/autodeployer2 v1.1.3785/go.mod h1:rt2fygrvDIOva5UEzrwK4EJd8Ak3x3V25L96nw3/mVo=
golang.yacloud.eu/apis/faultindicator v1.1.3785 h1:teYzeCcN3wwnkAE0LxWa5Q6R6DbS6QpfOSHDWr7UEwY=
golang.yacloud.eu/apis/faultindicator v1.1.3785/go.mod h1:24dqGl0eRKiQedvRtEZU6GoKoQJbIxPdoKpTWAKdnP8=
golang.yacloud.eu/apis/fscache v1.1.3785 h1:FaBhv1LZ5akpcmUdsHaxL45kV4onVhVerS60przA1Fo=
golang.yacloud.eu/apis/fscache v1.1.3785/go.mod h1:U85+y2rOK0q2xH/Pr1EHFcWH/RrfAr0QEKA+T2nqLAU=
golang.yacloud.eu/apis/protomanager v1.1.3785 h1:lMxzDxmVbNBLq2szRPe40t1puUYLM8ajieBlrANF9xM=
golang.yacloud.eu/apis/protomanager v1.1.3785/go.mod h1:HH7YRx1miAZdxSmRYXxeQn3X5h/CrLXLjZMsX6Sbmzo=
golang.yacloud.eu/apis/protorenderer2 v1.1.3785 h1:Fej2A9lA36cB0WIUr280FlgpJCMTLRTk3VaUKGewPqs=
golang.yacloud.eu/apis/protorenderer2 v1.1.3785/go.mod h1:N//g7yoqBQsbvr23d34a6kL1NpvygkvdoNsKlPKeutQ=
golang.yacloud.eu/apis/session v1.1.3958 h1:QMfQDq0pZyPHngmWziy3nPXWDnBbbwixWXH7xNNM8Fg=
golang.yacloud.eu/apis/session v1.1.3958/go.mod h1:qTwwj752adBc0+UL9cDfGMcsreUiMiTwmpa9JCNVv/Q=
golang.yacloud.eu/apis/unixipc v1.1.3785 h1:k1b/t7cmvZ/k5Qz3bh3+Tyu6W472NQYG+45Jt+vbVzQ=
golang.yacloud.eu/apis/unixipc v1.1.3785/go.mod h1:GStZsV7bWt8o9AXq7SNPDONMUaYQQMuquSsaAt0oYsc=
golang.yacloud.eu/apis/urlcacher v1.1.3785 h1:e4XVIbRMKrB/8QbhL6ol1pscSeWIDRgxyAH5lHRtpsU=
golang.yacloud.eu/apis/urlcacher v1.1.3785/go.mod h1:0P/IQAQuHCuqtfaigeYyYmBfV9mBI/sfQHPN2rJawcs=
golang.yacloud.eu/unixipc v0.1.31725 h1:u+tUnlgwLVzQ1bFBVM+rqARHAgwH41PrRGIVwKVrMsg=
golang.yacloud.eu/unixipc v0.1.31725/go.mod h1:BboKEBCyQzeXbtXowwSLV9U+wI32wq49ZVs72+uO/ZI=
google.golang.org/genproto/googleapis/rpc v0.0.0-20250324211829-b45e905df463 h1:e0AIkUUhxyBKh6ssZNrAMeqhA7RKUj42346d1y02i2g=
google.golang.org/genproto/googleapis/rpc v0.0.0-20250324211829-b45e905df463/go.mod h1:qQ0YXyHHx3XkvlzUtpXDkS29lDSafHMZBAZDc03LQ3A=
google.golang.org/grpc v1.73.0 h1:VIWSmpI2MegBtTuFt5/JWy2oXxtjJ/e89Z70ImfD2ok=
google.golang.org/grpc v1.73.0/go.mod h1:50sbHOUqWoCQGI8V2HQLJM0B+LMlIUjNSZmow7EVBQc=
google.golang.org/protobuf v1.36.6 h1:z1NpPI8ku2WgiWnf+t9wTPsn6eP1L7ksHUlkfLvd9xY=
google.golang.org/protobuf v1.36.6/go.mod h1:jduwjTPXsFjZGTmRluh+L6NjiWu7pchiJ2/5YcXBHnY=
gopkg.in/check.v1 v0.0.0-20161208181325-20d25e280405/go.mod h1:Co6ibVJAznAaIkqp8huTwlJQCZ016jof/cbN4VW5Yz0=
gopkg.in/check.v1 v1.0.0-20201130134442-10cb98267c6c h1:Hei/4ADfdWqJk1ZMxUNpqntNwaWcugrBjAiHlqqRiVk=
gopkg.in/check.v1 v1.0.0-20201130134442-10cb98267c6c/go.mod h1:JHkPIbrfpd72SG/EVd6muEfDQjcINNoR0C8j2r3qZ4Q=
gopkg.in/yaml.v2 v2.4.0 h1:D8xgwECY7CYvx+Y2n4sBz93Jn9JRvxdiyyo8CTfuKaY=
gopkg.in/yaml.v2 v2.4.0/go.mod h1:RDklbk79AGWmwhnvt/jBztapEOGDOx6ZbXqjP6csGnQ=
gopkg.in/yaml.v3 v3.0.1 h1:fxVm/GzAzEWqLHuvctI91KS9hhNmmWOoWu0XTYJS7CA=
gopkg.in/yaml.v3 v3.0.1/go.mod h1:K4uyk7z7BCEPqu6E+C64Yfv1cQ7kz7rIZviUmN+EgEM=
